
Microsoft Visual Studio Solution File, Format Version 12.00
# Visual Studio Version 16
VisualStudioVersion = 16.0.34114.132
MinimumVisualStudioVersion = 10.0.40219.1
Project("{8BC9CEB8-8B4A-11D0-8D11-00A0C91BC942}") = "Pointer_Array", "Pointer_Array.vcxproj", "{B83885C7-91FC-4B00-8867-37B4E2598C2A}"
EndProject
Global
	GlobalSection(SolutionConfigurationPlatforms) = preSolution
		Debug|x64 = Debug|x64
		Debug|x86 = Debug|x86
		Release|x64 = Release|x64
		Release|x86 = Release|x86
	EndGlobalSection
	GlobalSection(ProjectConfigurationPlatforms) = postSolution
		{B83885C7-91FC-4B00-8867-37B4E2598C2A}.Debug|x64.ActiveCfg = Debug|x64
		{B83885C7-91FC-4B00-8867-37B4E2598C2A}.Debug|x64.Build.0 = Debug|x64
		{B83885C7-91FC-4B00-8867-37B4E2598C2A}.Debug|x86.ActiveCfg = Debug|Win32
		{B83885C7-91FC-4B00-8867-37B4E2598C2A}.Debug|x86.Build.0 = Debug|Win32
		{B83885C7-91FC-4B00-8867-37B4E2598C2A}.Release|x64.ActiveCfg = Release|x64
		{B83885C7-91FC-4B00-8867-37B4E2598C2A}.Release|x64.Build.0 = Release|x64
		{B83885C7-91FC-4B00-8867-37B4E2598C2A}.Release|x86.ActiveCfg = Release|Win32
		{B83885C7-91FC-4B00-8867-37B4E2598C2A}.Release|x86.Build.0 = Release|Win32
	EndGlobalSection
	GlobalSection(SolutionProperties) = preSolution
		HideSolutionNode = FALSE
	EndGlobalSection
	GlobalSection(ExtensibilityGlobals) = postSolution
		SolutionGuid = {B055E3A9-7E44-494A-889F-9C704BF7821F}
	EndGlobalSection
EndGlobal
